// !$*UTF8*$!
{
	archiveVersion = 1;
	classes = {
	};
	objectVersion = 46;
	objects = {

/* Begin PBXBuildFile section */
		0D288C0618768BE20026E2A0 /* PassItSettings.h in Headers */ = {isa = PBXBuildFile; fileRef = 0D288C0418768BE20026E2A0 /* PassItSettings.h */; };
		0D288C0718768BE20026E2A0 /* PassItSettings.m in Sources */ = {isa = PBXBuildFile; fileRef = 0D288C0518768BE20026E2A0 /* PassItSettings.m */; };
		0D288C08187695370026E2A0 /* PassItSettings.m in Sources */ = {isa = PBXBuildFile; fileRef = 0D288C0518768BE20026E2A0 /* PassItSettings.m */; };
		0D288C09187761FD0026E2A0 /* MobileCoreServices.framework in Frameworks */ = {isa = PBXBuildFile; fileRef = 0DC08E0B16E420D30051AE7C /* MobileCoreServices.framework */; };
		0D42BE8916E453A200261672 /* Localizable.strings in Resources */ = {isa = PBXBuildFile; fileRef = 0D42BE8B16E453A200261672 /* Localizable.strings */; };
		0DC08DD116E3E1510051AE7C /* Foundation.framework in Frameworks */ = {isa = PBXBuildFile; fileRef = 0DC08DD016E3E1510051AE7C /* Foundation.framework */; };
		0DC08DEB16E3F0010051AE7C /* UIKit.framework in Frameworks */ = {isa = PBXBuildFile; fileRef = 0DC08DEA16E3F0010051AE7C /* UIKit.framework */; };
		0DC08DF416E407800051AE7C /* PassIt.m in Sources */ = {isa = PBXBuildFile; fileRef = 0DC08DF316E407800051AE7C /* PassIt.m */; };
		0DC08E0016E40CC20051AE7C /* Localizable.strings in CopyFiles */ = {isa = PBXBuildFile; fileRef = 0DC08DFD16E40AA20051AE7C /* Localizable.strings */; };
		0DC08E0C16E420D30051AE7C /* MobileCoreServices.framework in Frameworks */ = {isa = PBXBuildFile; fileRef = 0DC08E0B16E420D30051AE7C /* MobileCoreServices.framework */; };
		0DC08E0F16E423B70051AE7C /* PassItHelpers.h in Headers */ = {isa = PBXBuildFile; fileRef = 0DC08E0D16E423B60051AE7C /* PassItHelpers.h */; };
		0DC08E1016E423B70051AE7C /* PassItHelpers.m in Sources */ = {isa = PBXBuildFile; fileRef = 0DC08E0E16E423B70051AE7C /* PassItHelpers.m */; };
		0DC08E1416E424E30051AE7C /* PIOpenInPasswordActivity.h in Headers */ = {isa = PBXBuildFile; fileRef = 0DC08E1216E424E20051AE7C /* PIOpenInPasswordActivity.h */; };
		0DC08E1516E424E30051AE7C /* PIOpenInPasswordActivity.m in Sources */ = {isa = PBXBuildFile; fileRef = 0DC08E1316E424E20051AE7C /* PIOpenInPasswordActivity.m */; };
		0DC08E1C16E431400051AE7C /* Foundation.framework in Frameworks */ = {isa = PBXBuildFile; fileRef = 0DC08DD016E3E1510051AE7C /* Foundation.framework */; };
		0DC08E1D16E431400051AE7C /* UIKit.framework in Frameworks */ = {isa = PBXBuildFile; fileRef = 0DC08DEA16E3F0010051AE7C /* UIKit.framework */; };
		0DC08E2A16E431400051AE7C /* PassItSettingsController.m in Sources */ = {isa = PBXBuildFile; fileRef = 0DC08E2916E431400051AE7C /* PassItSettingsController.m */; };
		0DC08E4C16E4387E0051AE7C /* Preferences.framework in Frameworks */ = {isa = PBXBuildFile; fileRef = 0DC08E4B16E4387E0051AE7C /* Preferences.framework */; };
		0DC08E4D16E4391B0051AE7C /* PassItSettings.bundle in CopyFiles */ = {isa = PBXBuildFile; fileRef = 0DC08E1B16E431400051AE7C /* PassItSettings.bundle */; };
		0DC08E5816E439AD0051AE7C /* PassItIcon.png in Resources */ = {isa = PBXBuildFile; fileRef = 0DC08E5116E439AD0051AE7C /* PassItIcon.png */; };
		0DC08E5916E439AD0051AE7C /* PassItIcon@2x.png in Resources */ = {isa = PBXBuildFile; fileRef = 0DC08E5216E439AD0051AE7C /* PassItIcon@2x.png */; };
		0DC08E5A16E439AD0051AE7C /* PassItSettings.plist in Resources */ = {isa = PBXBuildFile; fileRef = 0DC08E5316E439AD0051AE7C /* PassItSettings.plist */; };
		0DC08E5B16E439AD0051AE7C /* TwitterIcon.png in Resources */ = {isa = PBXBuildFile; fileRef = 0DC08E5416E439AD0051AE7C /* TwitterIcon.png */; };
		0DC08E5C16E439AD0051AE7C /* TwitterIcon@2x.png in Resources */ = {isa = PBXBuildFile; fileRef = 0DC08E5516E439AD0051AE7C /* TwitterIcon@2x.png */; };
		0DC08E5D16E43A840051AE7C /* PassItHelpers.h in Headers */ = {isa = PBXBuildFile; fileRef = 0DC08E0D16E423B60051AE7C /* PassItHelpers.h */; };
		0DC08E5E16E43A840051AE7C /* PassItHelpers.m in Sources */ = {isa = PBXBuildFile; fileRef = 0DC08E0E16E423B70051AE7C /* PassItHelpers.m */; };
		0DC08E6016E43E630051AE7C /* MessageUI.framework in Frameworks */ = {isa = PBXBuildFile; fileRef = 0DC08E5F16E43E630051AE7C /* MessageUI.framework */; };
/* End PBXBuildFile section */

/* Begin PBXContainerItemProxy section */
		0DC08E4516E4348D0051AE7C /* PBXContainerItemProxy */ = {
			isa = PBXContainerItemProxy;
			containerPortal = 0DC08DC416E3E1510051AE7C /* Project object */;
			proxyType = 1;
			remoteGlobalIDString = 0DC08E1A16E431400051AE7C;
			remoteInfo = PassItSettings;
		};
/* End PBXContainerItemProxy section */

/* Begin PBXCopyFilesBuildPhase section */
		0DC08DFF16E40C890051AE7C /* CopyFiles */ = {
			isa = PBXCopyFilesBuildPhase;
			buildActionMask = 2147483647;
			dstPath = "${SRCROOT}/${TARGET_NAME}/Package/Library/Application Support/${TARGET_NAME}.bundle";
			dstSubfolderSpec = 0;
			files = (
				0DC08E0016E40CC20051AE7C /* Localizable.strings in CopyFiles */,
			);
			runOnlyForDeploymentPostprocessing = 0;
		};
		0DC08E4A16E437C10051AE7C /* CopyFiles */ = {
			isa = PBXCopyFilesBuildPhase;
			buildActionMask = 2147483647;
			dstPath = "${SRCROOT}/${TARGET_NAME}/Package/Library/PreferenceBundles/";
			dstSubfolderSpec = 0;
			files = (
				0DC08E4D16E4391B0051AE7C /* PassItSettings.bundle in CopyFiles */,
			);
			runOnlyForDeploymentPostprocessing = 0;
		};
/* End PBXCopyFilesBuildPhase section */

/* Begin PBXFileReference section */
		0D288C0418768BE20026E2A0 /* PassItSettings.h */ = {isa = PBXFileReference; fileEncoding = 4; lastKnownFileType = sourcecode.c.h; path = PassItSettings.h; sourceTree = "<group>"; };
		0D288C0518768BE20026E2A0 /* PassItSettings.m */ = {isa = PBXFileReference; fileEncoding = 4; lastKnownFileType = sourcecode.c.objc; path = PassItSettings.m; sourceTree = "<group>"; };
		0D42BE8A16E453A200261672 /* en */ = {isa = PBXFileReference; lastKnownFileType = text.plist.strings; name = en; path = en.lproj/Localizable.strings; sourceTree = "<group>"; };
		0D42BE8D16E4569200261672 /* fr */ = {isa = PBXFileReference; lastKnownFileType = text.plist.strings; name = fr; path = fr.lproj/Localizable.strings; sourceTree = "<group>"; };
		0D42BE8E16E4569300261672 /* es */ = {isa = PBXFileReference; lastKnownFileType = text.plist.strings; name = es; path = es.lproj/Localizable.strings; sourceTree = "<group>"; };
		0D42BE8F16E4569300261672 /* de */ = {isa = PBXFileReference; lastKnownFileType = text.plist.strings; name = de; path = de.lproj/Localizable.strings; sourceTree = "<group>"; };
		0D42BE9016E4569400261672 /* zh-Hans */ = {isa = PBXFileReference; lastKnownFileType = text.plist.strings; name = "zh-Hans"; path = "zh-Hans.lproj/Localizable.strings"; sourceTree = "<group>"; };
		0D42BE9116E4569400261672 /* zh-Hant */ = {isa = PBXFileReference; lastKnownFileType = text.plist.strings; name = "zh-Hant"; path = "zh-Hant.lproj/Localizable.strings"; sourceTree = "<group>"; };
		0D42BE9216E4569500261672 /* ru */ = {isa = PBXFileReference; lastKnownFileType = text.plist.strings; name = ru; path = ru.lproj/Localizable.strings; sourceTree = "<group>"; };
		0D42BE9316E4569600261672 /* he */ = {isa = PBXFileReference; lastKnownFileType = text.plist.strings; name = he; path = he.lproj/Localizable.strings; sourceTree = "<group>"; };
		0D42BE9416E4569600261672 /* pt */ = {isa = PBXFileReference; lastKnownFileType = text.plist.strings; name = pt; path = pt.lproj/Localizable.strings; sourceTree = "<group>"; };
		0D42BE9516E4569700261672 /* it */ = {isa = PBXFileReference; lastKnownFileType = text.plist.strings; name = it; path = it.lproj/Localizable.strings; sourceTree = "<group>"; };
		0DC08DCD16E3E1510051AE7C /* PassIt.dylib */ = {isa = PBXFileReference; explicitFileType = "compiled.mach-o.dylib"; includeInIndex = 0; path = PassIt.dylib; sourceTree = BUILT_PRODUCTS_DIR; };
		0DC08DD016E3E1510051AE7C /* Foundation.framework */ = {isa = PBXFileReference; lastKnownFileType = wrapper.framework; name = Foundation.framework; path = System/Library/Frameworks/Foundation.framework; sourceTree = SDKROOT; };
		0DC08DD616E3E1510051AE7C /* control */ = {isa = PBXFileReference; lastKnownFileType = text; name = control; path = Package/DEBIAN/control; sourceTree = "<group>"; };
		0DC08DDF16E3E1510051AE7C /* PassIt-Prefix.pch */ = {isa = PBXFileReference; lastKnownFileType = sourcecode.c.h; path = "PassIt-Prefix.pch"; sourceTree = "<group>"; };
		0DC08DE416E3E1510051AE7C /* PassIt.plist */ = {isa = PBXFileReference; lastKnownFileType = text.plist.xml; name = PassIt.plist; path = Package/Library/MobileSubstrate/DynamicLibraries/PassIt.plist; sourceTree = "<group>"; };
		0DC08DEA16E3F0010051AE7C /* UIKit.framework */ = {isa = PBXFileReference; lastKnownFileType = wrapper.framework; name = UIKit.framework; path = System/Library/Frameworks/UIKit.framework; sourceTree = SDKROOT; };
		0DC08DF316E407800051AE7C /* PassIt.m */ = {isa = PBXFileReference; fileEncoding = 4; lastKnownFileType = sourcecode.c.objc; path = PassIt.m; sourceTree = "<group>"; };
		0DC08DFC16E40AA20051AE7C /* en */ = {isa = PBXFileReference; lastKnownFileType = text.plist.strings; name = en; path = en.lproj/Localizable.strings; sourceTree = "<group>"; };
		0DC08E0116E40DCB0051AE7C /* fr */ = {isa = PBXFileReference; lastKnownFileType = text.plist.strings; name = fr; path = fr.lproj/Localizable.strings; sourceTree = "<group>"; };
		0DC08E0216E40DCF0051AE7C /* es */ = {isa = PBXFileReference; lastKnownFileType = text.plist.strings; name = es; path = es.lproj/Localizable.strings; sourceTree = "<group>"; };
		0DC08E0316E40DD30051AE7C /* de */ = {isa = PBXFileReference; lastKnownFileType = text.plist.strings; name = de; path = de.lproj/Localizable.strings; sourceTree = "<group>"; };
		0DC08E0416E40DD80051AE7C /* zh-Hans */ = {isa = PBXFileReference; lastKnownFileType = text.plist.strings; name = "zh-Hans"; path = "zh-Hans.lproj/Localizable.strings"; sourceTree = "<group>"; };
		0DC08E0516E40DDD0051AE7C /* zh-Hant */ = {isa = PBXFileReference; lastKnownFileType = text.plist.strings; name = "zh-Hant"; path = "zh-Hant.lproj/Localizable.strings"; sourceTree = "<group>"; };
		0DC08E0616E40DE60051AE7C /* ru */ = {isa = PBXFileReference; lastKnownFileType = text.plist.strings; name = ru; path = ru.lproj/Localizable.strings; sourceTree = "<group>"; };
		0DC08E0816E40E7F0051AE7C /* he */ = {isa = PBXFileReference; lastKnownFileType = text.plist.strings; name = he; path = he.lproj/Localizable.strings; sourceTree = "<group>"; };
		0DC08E0916E40E880051AE7C /* pt */ = {isa = PBXFileReference; lastKnownFileType = text.plist.strings; name = pt; path = pt.lproj/Localizable.strings; sourceTree = "<group>"; };
		0DC08E0A16E40F300051AE7C /* it */ = {isa = PBXFileReference; lastKnownFileType = text.plist.strings; name = it; path = it.lproj/Localizable.strings; sourceTree = "<group>"; };
		0DC08E0B16E420D30051AE7C /* MobileCoreServices.framework */ = {isa = PBXFileReference; lastKnownFileType = wrapper.framework; name = MobileCoreServices.framework; path = System/Library/Frameworks/MobileCoreServices.framework; sourceTree = SDKROOT; };
		0DC08E0D16E423B60051AE7C /* PassItHelpers.h */ = {isa = PBXFileReference; fileEncoding = 4; lastKnownFileType = sourcecode.c.h; path = PassItHelpers.h; sourceTree = "<group>"; };
		0DC08E0E16E423B70051AE7C /* PassItHelpers.m */ = {isa = PBXFileReference; fileEncoding = 4; lastKnownFileType = sourcecode.c.objc; path = PassItHelpers.m; sourceTree = "<group>"; };
		0DC08E1116E4244C0051AE7C /* PrivateHeaders.h */ = {isa = PBXFileReference; lastKnownFileType = sourcecode.c.h; path = PrivateHeaders.h; sourceTree = "<group>"; };
		0DC08E1216E424E20051AE7C /* PIOpenInPasswordActivity.h */ = {isa = PBXFileReference; fileEncoding = 4; lastKnownFileType = sourcecode.c.h; path = PIOpenInPasswordActivity.h; sourceTree = "<group>"; };
		0DC08E1316E424E20051AE7C /* PIOpenInPasswordActivity.m */ = {isa = PBXFileReference; fileEncoding = 4; lastKnownFileType = sourcecode.c.objc; path = PIOpenInPasswordActivity.m; sourceTree = "<group>"; };
		0DC08E1B16E431400051AE7C /* PassItSettings.bundle */ = {isa = PBXFileReference; explicitFileType = wrapper.cfbundle; includeInIndex = 0; path = PassItSettings.bundle; sourceTree = BUILT_PRODUCTS_DIR; };
		0DC08E2716E431400051AE7C /* PassItSettings-Info.plist */ = {isa = PBXFileReference; lastKnownFileType = text.plist.xml; path = "PassItSettings-Info.plist"; sourceTree = "<group>"; };
		0DC08E2816E431400051AE7C /* PassItSettingsController.h */ = {isa = PBXFileReference; lastKnownFileType = sourcecode.c.h; path = PassItSettingsController.h; sourceTree = "<group>"; };
		0DC08E2916E431400051AE7C /* PassItSettingsController.m */ = {isa = PBXFileReference; lastKnownFileType = sourcecode.c.objc; path = PassItSettingsController.m; sourceTree = "<group>"; };
		0DC08E2E16E431400051AE7C /* PassIt.plist */ = {isa = PBXFileReference; lastKnownFileType = text.plist.xml; name = PassIt.plist; path = Package/Library/PreferenceLoader/Preferences/PassIt.plist; sourceTree = "<group>"; };
		0DC08E3916E431410051AE7C /* PassItSettings-Prefix.pch */ = {isa = PBXFileReference; lastKnownFileType = sourcecode.c.h; path = "PassItSettings-Prefix.pch"; sourceTree = "<group>"; };
		0DC08E4B16E4387E0051AE7C /* Preferences.framework */ = {isa = PBXFileReference; lastKnownFileType = wrapper.framework; name = Preferences.framework; path = System/Library/PrivateFrameworks/Preferences.framework; sourceTree = SDKROOT; };
		0DC08E5116E439AD0051AE7C /* PassItIcon.png */ = {isa = PBXFileReference; lastKnownFileType = image.png; path = PassItIcon.png; sourceTree = "<group>"; };
		0DC08E5216E439AD0051AE7C /* PassItIcon@2x.png */ = {isa = PBXFileReference; lastKnownFileType = image.png; path = "PassItIcon@2x.png"; sourceTree = "<group>"; };
		0DC08E5316E439AD0051AE7C /* PassItSettings.plist */ = {isa = PBXFileReference; fileEncoding = 4; lastKnownFileType = text.plist.xml; path = PassItSettings.plist; sourceTree = "<group>"; };
		0DC08E5416E439AD0051AE7C /* TwitterIcon.png */ = {isa = PBXFileReference; lastKnownFileType = image.png; path = TwitterIcon.png; sourceTree = "<group>"; };
		0DC08E5516E439AD0051AE7C /* TwitterIcon@2x.png */ = {isa = PBXFileReference; lastKnownFileType = image.png; path = "TwitterIcon@2x.png"; sourceTree = "<group>"; };
		0DC08E5F16E43E630051AE7C /* MessageUI.framework */ = {isa = PBXFileReference; lastKnownFileType = wrapper.framework; name = MessageUI.framework; path = System/Library/Frameworks/MessageUI.framework; sourceTree = SDKROOT; };
/* End PBXFileReference section */

/* Begin PBXFrameworksBuildPhase section */
		0DC08DC916E3E1510051AE7C /* Frameworks */ = {
			isa = PBXFrameworksBuildPhase;
			buildActionMask = 2147483647;
			files = (
				0DC08E0C16E420D30051AE7C /* MobileCoreServices.framework in Frameworks */,
				0DC08DEB16E3F0010051AE7C /* UIKit.framework in Frameworks */,
				0DC08DD116E3E1510051AE7C /* Foundation.framework in Frameworks */,
			);
			runOnlyForDeploymentPostprocessing = 0;
		};
		0DC08E1716E431400051AE7C /* Frameworks */ = {
			isa = PBXFrameworksBuildPhase;
			buildActionMask = 2147483647;
			files = (
				0D288C09187761FD0026E2A0 /* MobileCoreServices.framework in Frameworks */,
				0DC08E6016E43E630051AE7C /* MessageUI.framework in Frameworks */,
				0DC08E4C16E4387E0051AE7C /* Preferences.framework in Frameworks */,
				0DC08E1C16E431400051AE7C /* Foundation.framework in Frameworks */,
				0DC08E1D16E431400051AE7C /* UIKit.framework in Frameworks */,
			);
			runOnlyForDeploymentPostprocessing = 0;
		};
/* End PBXFrameworksBuildPhase section */

/* Begin PBXGroup section */
		0DC08DC316E3E1510051AE7C = {
			isa = PBXGroup;
			children = (
				0DC08DD216E3E1510051AE7C /* PassIt */,
				0DC08E2016E431400051AE7C /* PassItSettings */,
				0DC08DCF16E3E1510051AE7C /* Frameworks */,
				0DC08DCE16E3E1510051AE7C /* Products */,
			);
			sourceTree = "<group>";
		};
		0DC08DCE16E3E1510051AE7C /* Products */ = {
			isa = PBXGroup;
			children = (
				0DC08DCD16E3E1510051AE7C /* PassIt.dylib */,
				0DC08E1B16E431400051AE7C /* PassItSettings.bundle */,
			);
			name = Products;
			sourceTree = "<group>";
		};
		0DC08DCF16E3E1510051AE7C /* Frameworks */ = {
			isa = PBXGroup;
			children = (
				0DC08E5F16E43E630051AE7C /* MessageUI.framework */,
				0DC08E4B16E4387E0051AE7C /* Preferences.framework */,
				0DC08E0B16E420D30051AE7C /* MobileCoreServices.framework */,
				0DC08DEA16E3F0010051AE7C /* UIKit.framework */,
				0DC08DD016E3E1510051AE7C /* Foundation.framework */,
			);
			name = Frameworks;
			sourceTree = "<group>";
		};
		0DC08DD216E3E1510051AE7C /* PassIt */ = {
			isa = PBXGroup;
			children = (
				0D288C0418768BE20026E2A0 /* PassItSettings.h */,
				0D288C0518768BE20026E2A0 /* PassItSettings.m */,
				0DC08E1216E424E20051AE7C /* PIOpenInPasswordActivity.h */,
				0DC08E1316E424E20051AE7C /* PIOpenInPasswordActivity.m */,
				0DC08E1116E4244C0051AE7C /* PrivateHeaders.h */,
				0DC08E0D16E423B60051AE7C /* PassItHelpers.h */,
				0DC08E0E16E423B70051AE7C /* PassItHelpers.m */,
				0DC08DF316E407800051AE7C /* PassIt.m */,
				0DC08DD316E3E1510051AE7C /* Package */,
				0DC08DD716E3E1510051AE7C /* Supporting Files */,
				0DC08DFD16E40AA20051AE7C /* Localizable.strings */,
			);
			path = PassIt;
			sourceTree = "<group>";
		};
		0DC08DD316E3E1510051AE7C /* Package */ = {
			isa = PBXGroup;
			children = (
				0DC08DD416E3E1510051AE7C /* DEBIAN */,
				0DC08DD916E3E1510051AE7C /* Library */,
			);
			name = Package;
			sourceTree = "<group>";
		};
		0DC08DD416E3E1510051AE7C /* DEBIAN */ = {
			isa = PBXGroup;
			children = (
				0DC08DD616E3E1510051AE7C /* control */,
			);
			name = DEBIAN;
			sourceTree = "<group>";
		};
		0DC08DD716E3E1510051AE7C /* Supporting Files */ = {
			isa = PBXGroup;
			children = (
				0DC08DDF16E3E1510051AE7C /* PassIt-Prefix.pch */,
			);
			name = "Supporting Files";
			sourceTree = "<group>";
		};
		0DC08DD916E3E1510051AE7C /* Library */ = {
			isa = PBXGroup;
			children = (
				0DC08DE216E3E1510051AE7C /* MobileSubstrate */,
			);
			name = Library;
			sourceTree = "<group>";
		};
		0DC08DE216E3E1510051AE7C /* MobileSubstrate */ = {
			isa = PBXGroup;
			children = (
				0DC08DE316E3E1510051AE7C /* DynamicLibraries */,
			);
			name = MobileSubstrate;
			sourceTree = "<group>";
		};
		0DC08DE316E3E1510051AE7C /* DynamicLibraries */ = {
			isa = PBXGroup;
			children = (
				0DC08DE416E3E1510051AE7C /* PassIt.plist */,
			);
			name = DynamicLibraries;
			sourceTree = "<group>";
		};
		0DC08E2016E431400051AE7C /* PassItSettings */ = {
			isa = PBXGroup;
			children = (
				0DC08E5116E439AD0051AE7C /* PassItIcon.png */,
				0DC08E5216E439AD0051AE7C /* PassItIcon@2x.png */,
				0DC08E5316E439AD0051AE7C /* PassItSettings.plist */,
				0DC08E5416E439AD0051AE7C /* TwitterIcon.png */,
				0DC08E5516E439AD0051AE7C /* TwitterIcon@2x.png */,
				0DC08E2816E431400051AE7C /* PassItSettingsController.h */,
				0DC08E2916E431400051AE7C /* PassItSettingsController.m */,
				0D42BE8B16E453A200261672 /* Localizable.strings */,
				0DC08E2116E431400051AE7C /* Package */,
				0DC08E2516E431400051AE7C /* Supporting Files */,
			);
			path = PassItSettings;
			sourceTree = "<group>";
		};
		0DC08E2116E431400051AE7C /* Package */ = {
			isa = PBXGroup;
			children = (
				0DC08E2B16E431400051AE7C /* Library */,
			);
			name = Package;
			sourceTree = "<group>";
		};
		0DC08E2516E431400051AE7C /* Supporting Files */ = {
			isa = PBXGroup;
			children = (
				0DC08E2716E431400051AE7C /* PassItSettings-Info.plist */,
				0DC08E3916E431410051AE7C /* PassItSettings-Prefix.pch */,
			);
			name = "Supporting Files";
			sourceTree = "<group>";
		};
		0DC08E2B16E431400051AE7C /* Library */ = {
			isa = PBXGroup;
			children = (
				0DC08E2C16E431400051AE7C /* PreferenceLoader */,
			);
			name = Library;
			sourceTree = "<group>";
		};
		0DC08E2C16E431400051AE7C /* PreferenceLoader */ = {
			isa = PBXGroup;
			children = (
				0DC08E2D16E431400051AE7C /* Preferences */,
			);
			name = PreferenceLoader;
			sourceTree = "<group>";
		};
		0DC08E2D16E431400051AE7C /* Preferences */ = {
			isa = PBXGroup;
			children = (
				0DC08E2E16E431400051AE7C /* PassIt.plist */,
			);
			name = Preferences;
			sourceTree = "<group>";
		};
/* End PBXGroup section */

/* Begin PBXHeadersBuildPhase section */
		0DC08DCA16E3E1510051AE7C /* Headers */ = {
			isa = PBXHeadersBuildPhase;
			buildActionMask = 2147483647;
			files = (
				0DC08E0F16E423B70051AE7C /* PassItHelpers.h in Headers */,
				0DC08E1416E424E30051AE7C /* PIOpenInPasswordActivity.h in Headers */,
				0D288C0618768BE20026E2A0 /* PassItSettings.h in Headers */,
			);
			runOnlyForDeploymentPostprocessing = 0;
		};
		0DC08E1816E431400051AE7C /* Headers */ = {
			isa = PBXHeadersBuildPhase;
			buildActionMask = 2147483647;
			files = (
				0DC08E5D16E43A840051AE7C /* PassItHelpers.h in Headers */,
			);
			runOnlyForDeploymentPostprocessing = 0;
		};
/* End PBXHeadersBuildPhase section */

/* Begin PBXNativeTarget section */
		0DC08DCC16E3E1510051AE7C /* PassIt */ = {
			isa = PBXNativeTarget;
			buildConfigurationList = 0DC08DE716E3E1510051AE7C /* Build configuration list for PBXNativeTarget "PassIt" */;
			buildPhases = (
				0DC08DFE16E40AAF0051AE7C /* ShellScript */,
				0DC08DC816E3E1510051AE7C /* Sources */,
				0DC08DC916E3E1510051AE7C /* Frameworks */,
				0DC08DCA16E3E1510051AE7C /* Headers */,
				0DC08DFF16E40C890051AE7C /* CopyFiles */,
				0DC08E4916E4354F0051AE7C /* ShellScript */,
				0DC08E4A16E437C10051AE7C /* CopyFiles */,
				0DC08DCB16E3E1510051AE7C /* ShellScript */,
			);
			buildRules = (
			);
			dependencies = (
				0DC08E4616E4348D0051AE7C /* PBXTargetDependency */,
			);
			name = PassIt;
			productName = PassIt;
			productReference = 0DC08DCD16E3E1510051AE7C /* PassIt.dylib */;
			productType = "com.apple.product-type.library.dynamic";
		};
		0DC08E1A16E431400051AE7C /* PassItSettings */ = {
			isa = PBXNativeTarget;
			buildConfigurationList = 0DC08E3A16E431410051AE7C /* Build configuration list for PBXNativeTarget "PassItSettings" */;
			buildPhases = (
				0DC08E1616E431400051AE7C /* Sources */,
				0DC08E1716E431400051AE7C /* Frameworks */,
				0DC08E1816E431400051AE7C /* Headers */,
				0D42BE8C16E4564E00261672 /* ShellScript */,
				0DC08E4E16E439510051AE7C /* Resources */,
			);
			buildRules = (
			);
			dependencies = (
			);
			name = PassItSettings;
			productName = PassItSettings;
			productReference = 0DC08E1B16E431400051AE7C /* PassItSettings.bundle */;
			productType = "com.apple.product-type.bundle";
		};
/* End PBXNativeTarget section */

/* Begin PBXProject section */
		0DC08DC416E3E1510051AE7C /* Project object */ = {
			isa = PBXProject;
			attributes = {
				LastUpgradeCheck = 0460;
			};
			buildConfigurationList = 0DC08DC716E3E1510051AE7C /* Build configuration list for PBXProject "PassIt" */;
			compatibilityVersion = "Xcode 3.2";
			developmentRegion = English;
			hasScannedForEncodings = 0;
			knownRegions = (
				en,
				fr,
				es,
				de,
				"zh-Hans",
				"zh-Hant",
				ru,
				"pt-PT",
				he,
				pt,
				it,
			);
			mainGroup = 0DC08DC316E3E1510051AE7C;
			productRefGroup = 0DC08DCE16E3E1510051AE7C /* Products */;
			projectDirPath = "";
			projectRoot = "";
			targets = (
				0DC08DCC16E3E1510051AE7C /* PassIt */,
				0DC08E1A16E431400051AE7C /* PassItSettings */,
			);
		};
/* End PBXProject section */

/* Begin PBXResourcesBuildPhase section */
		0DC08E4E16E439510051AE7C /* Resources */ = {
			isa = PBXResourcesBuildPhase;
			buildActionMask = 2147483647;
			files = (
				0DC08E5816E439AD0051AE7C /* PassItIcon.png in Resources */,
				0DC08E5916E439AD0051AE7C /* PassItIcon@2x.png in Resources */,
				0DC08E5A16E439AD0051AE7C /* PassItSettings.plist in Resources */,
				0DC08E5B16E439AD0051AE7C /* TwitterIcon.png in Resources */,
				0DC08E5C16E439AD0051AE7C /* TwitterIcon@2x.png in Resources */,
				0D42BE8916E453A200261672 /* Localizable.strings in Resources */,
			);
			runOnlyForDeploymentPostprocessing = 0;
		};
/* End PBXResourcesBuildPhase section */

/* Begin PBXShellScriptBuildPhase section */
		0D42BE8C16E4564E00261672 /* ShellScript */ = {
			isa = PBXShellScriptBuildPhase;
			buildActionMask = 2147483647;
			files = (
			);
			inputPaths = (
			);
			outputPaths = (
			);
			runOnlyForDeploymentPostprocessing = 0;
			shellPath = /bin/sh;
			shellScript = "cd ${SRCROOT}/${TARGET_NAME}\nfind . -name \\*.mm -o -name \\*.m -o -name \\*.h | xargs genstrings -o en.lproj";
		};
		0DC08DCB16E3E1510051AE7C /* ShellScript */ = {
			isa = PBXShellScriptBuildPhase;
			buildActionMask = 2147483647;
			files = (
			);
			inputPaths = (
			);
			outputPaths = (
			);
			runOnlyForDeploymentPostprocessing = 0;
			shellPath = /bin/sh;
			shellScript = "/opt/iOSOpenDev/bin/iosod --xcbp";
		};
		0DC08DFE16E40AAF0051AE7C /* ShellScript */ = {
			isa = PBXShellScriptBuildPhase;
			buildActionMask = 2147483647;
			files = (
			);
			inputPaths = (
			);
			outputPaths = (
			);
			runOnlyForDeploymentPostprocessing = 0;
			shellPath = /bin/sh;
			shellScript = "cd ${SRCROOT}/${TARGET_NAME}\nfind . -name \\*.mm -o -name \\*.m -o -name \\*.h | xargs genstrings -o en.lproj";
		};
		0DC08E4916E4354F0051AE7C /* ShellScript */ = {
			isa = PBXShellScriptBuildPhase;
			buildActionMask = 2147483647;
			files = (
			);
			inputPaths = (
			);
			outputPaths = (
			);
			runOnlyForDeploymentPostprocessing = 0;
			shellPath = /bin/sh;
			shellScript = "cp -r ${SRCROOT}/${TARGET_NAME}Settings/Package/* ${SRCROOT}/${TARGET_NAME}/Package";
		};
/* End PBXShellScriptBuildPhase section */

/* Begin PBXSourcesBuildPhase section */
		0DC08DC816E3E1510051AE7C /* Sources */ = {
			isa = PBXSourcesBuildPhase;
			buildActionMask = 2147483647;
			files = (
				0D288C0718768BE20026E2A0 /* PassItSettings.m in Sources */,
				0DC08DF416E407800051AE7C /* PassIt.m in Sources */,
				0DC08E1016E423B70051AE7C /* PassItHelpers.m in Sources */,
				0DC08E1516E424E30051AE7C /* PIOpenInPasswordActivity.m in Sources */,
			);
			runOnlyForDeploymentPostprocessing = 0;
		};
		0DC08E1616E431400051AE7C /* Sources */ = {
			isa = PBXSourcesBuildPhase;
			buildActionMask = 2147483647;
			files = (
				0D288C08187695370026E2A0 /* PassItSettings.m in Sources */,
				0DC08E2A16E431400051AE7C /* PassItSettingsController.m in Sources */,
				0DC08E5E16E43A840051AE7C /* PassItHelpers.m in Sources */,
			);
			runOnlyForDeploymentPostprocessing = 0;
		};
/* End PBXSourcesBuildPhase section */

/* Begin PBXTargetDependency section */
		0DC08E4616E4348D0051AE7C /* PBXTargetDependency */ = {
			isa = PBXTargetDependency;
			target = 0DC08E1A16E431400051AE7C /* PassItSettings */;
			targetProxy = 0DC08E4516E4348D0051AE7C /* PBXContainerItemProxy */;
		};
/* End PBXTargetDependency section */

/* Begin PBXVariantGroup section */
		0D42BE8B16E453A200261672 /* Localizable.strings */ = {
			isa = PBXVariantGroup;
			children = (
				0D42BE8A16E453A200261672 /* en */,
				0D42BE8D16E4569200261672 /* fr */,
				0D42BE8E16E4569300261672 /* es */,
				0D42BE8F16E4569300261672 /* de */,
				0D42BE9016E4569400261672 /* zh-Hans */,
				0D42BE9116E4569400261672 /* zh-Hant */,
				0D42BE9216E4569500261672 /* ru */,
				0D42BE9316E4569600261672 /* he */,
				0D42BE9416E4569600261672 /* pt */,
				0D42BE9516E4569700261672 /* it */,
			);
			name = Localizable.strings;
			sourceTree = "<group>";
		};
		0DC08DFD16E40AA20051AE7C /* Localizable.strings */ = {
			isa = PBXVariantGroup;
			children = (
				0DC08DFC16E40AA20051AE7C /* en */,
				0DC08E0116E40DCB0051AE7C /* fr */,
				0DC08E0216E40DCF0051AE7C /* es */,
				0DC08E0316E40DD30051AE7C /* de */,
				0DC08E0416E40DD80051AE7C /* zh-Hans */,
				0DC08E0516E40DDD0051AE7C /* zh-Hant */,
				0DC08E0616E40DE60051AE7C /* ru */,
				0DC08E0816E40E7F0051AE7C /* he */,
				0DC08E0916E40E880051AE7C /* pt */,
				0DC08E0A16E40F300051AE7C /* it */,
			);
			name = Localizable.strings;
			sourceTree = "<group>";
		};
/* End PBXVariantGroup section */

/* Begin XCBuildConfiguration section */
		0DC08DE516E3E1510051AE7C /* Debug */ = {
			isa = XCBuildConfiguration;
			buildSettings = {
				ARCHS = "$(ARCHS_STANDARD_INCLUDING_64_BIT)";
				COPY_PHASE_STRIP = NO;
				EXCLUDED_RECURSIVE_SEARCH_PATH_SUBDIRECTORIES = "*.nib *.lproj *.gch (*) .DS_Store CVS .svn .git .hg *.xcodeproj *.xcode *.pbproj *.pbxproj";
				FRAMEWORK_SEARCH_PATHS = (
					"$(iOSOpenDevPath)/frameworks/**",
					"$(SDKROOT)/System/Library/PrivateFrameworks",
				);
				GCC_C_LANGUAGE_STANDARD = gnu99;
				GCC_DYNAMIC_NO_PIC = NO;
				GCC_OPTIMIZATION_LEVEL = 0;
				GCC_PREPROCESSOR_DEFINITIONS = (
					"DEBUG=1",
					"$(inherited)",
				);
				GCC_SYMBOLS_PRIVATE_EXTERN = NO;
				GCC_WARN_ABOUT_MISSING_PROTOTYPES = YES;
				GCC_WARN_ABOUT_RETURN_TYPE = YES;
				GCC_WARN_UNUSED_VARIABLE = YES;
				HEADER_SEARCH_PATHS = "$(iOSOpenDevPath)/include/**";
				IPHONEOS_DEPLOYMENT_TARGET = 6.1;
				LIBRARY_SEARCH_PATHS = "$(iOSOpenDevPath)/lib/**";
				SDKROOT = iphoneos;
				TARGETED_DEVICE_FAMILY = "1,2";
				VALIDATE_PRODUCT = NO;
				iOSOpenDevPath = /opt/iOSOpenDev;
			};
			name = Debug;
		};
		0DC08DE616E3E1510051AE7C /* Release */ = {
			isa = XCBuildConfiguration;
			buildSettings = {
				ARCHS = "$(ARCHS_STANDARD_INCLUDING_64_BIT)";
				COPY_PHASE_STRIP = YES;
				EXCLUDED_RECURSIVE_SEARCH_PATH_SUBDIRECTORIES = "*.nib *.lproj *.gch (*) .DS_Store CVS .svn .git .hg *.xcodeproj *.xcode *.pbproj *.pbxproj";
				FRAMEWORK_SEARCH_PATHS = (
					"$(iOSOpenDevPath)/frameworks/**",
					"$(SDKROOT)/System/Library/PrivateFrameworks",
				);
				GCC_C_LANGUAGE_STANDARD = gnu99;
				GCC_WARN_ABOUT_MISSING_PROTOTYPES = YES;
				GCC_WARN_ABOUT_RETURN_TYPE = YES;
				GCC_WARN_UNUSED_VARIABLE = YES;
				HEADER_SEARCH_PATHS = "$(iOSOpenDevPath)/include/**";
				IPHONEOS_DEPLOYMENT_TARGET = 6.1;
				LIBRARY_SEARCH_PATHS = "$(iOSOpenDevPath)/lib/**";
				SDKROOT = iphoneos;
				TARGETED_DEVICE_FAMILY = "1,2";
				VALIDATE_PRODUCT = YES;
				iOSOpenDevPath = /opt/iOSOpenDev;
			};
			name = Release;
		};
		0DC08DE816E3E1510051AE7C /* Debug */ = {
			isa = XCBuildConfiguration;
			buildSettings = {
				DYLIB_COMPATIBILITY_VERSION = 1;
				DYLIB_CURRENT_VERSION = 1;
				GCC_PRECOMPILE_PREFIX_HEADER = YES;
				GCC_PREFIX_HEADER = "PassIt/PassIt-Prefix.pch";
				INSTALL_PATH = /Library/MobileSubstrate/DynamicLibraries;
				PRODUCT_NAME = "$(TARGET_NAME)";
				iOSOpenDevBuildPackageOnAnyBuild = NO;
				iOSOpenDevCopyOnBuild = NO;
				iOSOpenDevDevice = "";
				iOSOpenDevInstallOnAnyBuild = YES;
				iOSOpenDevInstallOnProfiling = YES;
				iOSOpenDevRespringOnInstall = YES;
				iOSOpenDevUsePackageVersionPList = NO;
			};
			name = Debug;
		};
		0DC08DE916E3E1510051AE7C /* Release */ = {
			isa = XCBuildConfiguration;
			buildSettings = {
				DYLIB_COMPATIBILITY_VERSION = 1;
				DYLIB_CURRENT_VERSION = 1;
				GCC_PRECOMPILE_PREFIX_HEADER = YES;
				GCC_PREFIX_HEADER = "PassIt/PassIt-Prefix.pch";
				INSTALL_PATH = /Library/MobileSubstrate/DynamicLibraries;
				PRODUCT_NAME = "$(TARGET_NAME)";
				iOSOpenDevBuildPackageOnAnyBuild = NO;
				iOSOpenDevCopyOnBuild = NO;
				iOSOpenDevDevice = "";
				iOSOpenDevInstallOnAnyBuild = YES;
				iOSOpenDevInstallOnProfiling = YES;
				iOSOpenDevRespringOnInstall = YES;
				iOSOpenDevUsePackageVersionPList = NO;
			};
			name = Release;
		};
		0DC08E3B16E431410051AE7C /* Debug */ = {
			isa = XCBuildConfiguration;
			buildSettings = {
				FRAMEWORK_SEARCH_PATHS = (
					"$(inherited)",
					"\"$(SYSTEM_APPS_DIR)/Xcode.app/Contents/Developer/Library/Frameworks\"",
					"\"$(SDKROOT)$(SYSTEM_LIBRARY_DIR)/PrivateFrameworks\"",
				);
				GCC_PRECOMPILE_PREFIX_HEADER = YES;
				GCC_PREFIX_HEADER = "PassItSettings/PassItSettings-Prefix.pch";
				INFOPLIST_FILE = "PassItSettings/PassItSettings-Info.plist";
				INSTALL_PATH = /Library/PreferenceBundles;
				PRODUCT_NAME = "$(TARGET_NAME)";
				WRAPPER_EXTENSION = bundle;
				iOSOpenDevBuildPackageOnAnyBuild = NO;
				iOSOpenDevCopyOnBuild = NO;
				iOSOpenDevDevice = "";
				iOSOpenDevInstallOnAnyBuild = NO;
				iOSOpenDevInstallOnProfiling = YES;
				iOSOpenDevRespringOnInstall = YES;
				iOSOpenDevUsePackageVersionPList = YES;
			};
			name = Debug;
		};
		0DC08E3D16E431410051AE7C /* Release */ = {
			isa = XCBuildConfiguration;
			buildSettings = {
				FRAMEWORK_SEARCH_PATHS = (
					"$(inherited)",
					"\"$(SYSTEM_APPS_DIR)/Xcode.app/Contents/Developer/Library/Frameworks\"",
					"\"$(SDKROOT)$(SYSTEM_LIBRARY_DIR)/PrivateFrameworks\"",
				);
				GCC_PRECOMPILE_PREFIX_HEADER = YES;
				GCC_PREFIX_HEADER = "PassItSettings/PassItSettings-Prefix.pch";
				INFOPLIST_FILE = "PassItSettings/PassItSettings-Info.plist";
				INSTALL_PATH = /Library/PreferenceBundles;
				PRODUCT_NAME = "$(TARGET_NAME)";
				WRAPPER_EXTENSION = bundle;
				iOSOpenDevBuildPackageOnAnyBuild = NO;
				iOSOpenDevCopyOnBuild = NO;
				iOSOpenDevDevice = "";
				iOSOpenDevInstallOnAnyBuild = NO;
				iOSOpenDevInstallOnProfiling = YES;
				iOSOpenDevRespringOnInstall = YES;
				iOSOpenDevUsePackageVersionPList = YES;
			};
			name = Release;
		};
/* End XCBuildConfiguration section */

/* Begin XCConfigurationList section */
		0DC08DC716E3E1510051AE7C /* Build configuration list for PBXProject "PassIt" */ = {
			isa = XCConfigurationList;
			buildConfigurations = (
				0DC08DE516E3E1510051AE7C /* Debug */,
				0DC08DE616E3E1510051AE7C /* Release */,
			);
			defaultConfigurationIsVisible = 0;
			defaultConfigurationName = Release;
		};
		0DC08DE716E3E1510051AE7C /* Build configuration list for PBXNativeTarget "PassIt" */ = {
			isa = XCConfigurationList;
			buildConfigurations = (
				0DC08DE816E3E1510051AE7C /* Debug */,
				0DC08DE916E3E1510051AE7C /* Release */,
			);
			defaultConfigurationIsVisible = 0;
			defaultConfigurationName = Release;
		};
		0DC08E3A16E431410051AE7C /* Build configuration list for PBXNativeTarget "PassItSettings" */ = {
			isa = XCConfigurationList;
			buildConfigurations = (
				0DC08E3B16E431410051AE7C /* Debug */,
				0DC08E3D16E431410051AE7C /* Release */,
			);
			defaultConfigurationIsVisible = 0;
			defaultConfigurationName = Release;
		};
/* End XCConfigurationList section */
	};
	rootObject = 0DC08DC416E3E1510051AE7C /* Project object */;
}
